{
  "name": "v1-trade-samples",
  "lockfileVersion": 2,
  "requires": true,
  "packages": {
    "": {
      "dependencies": {
        "@balancer-labs/v2-vault": "^3.0.1"
      }
    },
    "node_modules/@balancer-labs/v2-interfaces": {
      "version": "0.2.1",
      "resolved": "https://registry.npmjs.org/@balancer-labs/v2-interfaces/-/v2-interfaces-0.2.1.tgz",
      "integrity": "sha512-CBbUKjIJKdPwPGW5PCjqwStbvu9+qonnx0sY8vhIn1hJ17kopio6HCe7SsyMF7vWOd4YqzUq4Zc/6kyHH+8Bpg=="
    },
    "node_modules/@balancer-labs/v2-solidity-utils": {
      "version": "3.0.1",
      "resolved": "https://registry.npmjs.org/@balancer-labs/v2-solidity-utils/-/v2-solidity-utils-3.0.1.tgz",
      "integrity": "sha512-uhaQbgFyT5uRWW39aPWH0ZARzqIICJvwZXKJpv7EPG2NAUrf03ZsF/Zb3gxpTZXfNoKsKznJWtxgJ1W0rnLu9w==",
      "dependencies": {
        "@balancer-labs/v2-interfaces": "0.2.0"
      }
    },
    "node_modules/@balancer-labs/v2-solidity-utils/node_modules/@balancer-labs/v2-interfaces": {
      "version": "0.2.0",
      "resolved": "https://registry.npmjs.org/@balancer-labs/v2-interfaces/-/v2-interfaces-0.2.0.tgz",
      "integrity": "sha512-p317Ojk3iZ6ja689u72HZvi03mG02LRkS+40J/EO2o1SDdOxbKThP7cWaZNbNJBC3IP8hzRcsZI+zmLqGa6Emw=="
    },
    "node_modules/@balancer-labs/v2-vault": {
      "version": "3.0.1",
      "resolved": "https://registry.npmjs.org/@balancer-labs/v2-vault/-/v2-vault-3.0.1.tgz",
      "integrity": "sha512-uVvHWDR8sGUCxdMOluYPEjeqeNYHo9/47ALYnpv4NLdXwNH8nw7PWun+cExLLdTBJ3XEc/6IyuYUlfcoWWpfcw==",
      "dependencies": {
        "@balancer-labs/v2-interfaces": "0.2.1",
        "@balancer-labs/v2-solidity-utils": "3.0.1"
      }
    }
  },
  "dependencies": {
    "@balancer-labs/v2-interfaces": {
      "version": "0.2.1",
      "resolved": "https://registry.npmjs.org/@balancer-labs/v2-interfaces/-/v2-interfaces-0.2.1.tgz",
      "integrity": "sha512-CBbUKjIJKdPwPGW5PCjqwStbvu9+qonnx0sY8vhIn1hJ17kopio6HCe7SsyMF7vWOd4YqzUq4Zc/6kyHH+8Bpg=="
    },
    "@balancer-labs/v2-solidity-utils": {
      "version": "3.0.1",
      "resolved": "https://registry.npmjs.org/@balancer-labs/v2-solidity-utils/-/v2-solidity-utils-3.0.1.tgz",
      "integrity": "sha512-uhaQbgFyT5uRWW39aPWH0ZARzqIICJvwZXKJpv7EPG2NAUrf03ZsF/Zb3gxpTZXfNoKsKznJWtxgJ1W0rnLu9w==",
      "requires": {
        "@balancer-labs/v2-interfaces": "0.2.0"
      },
      "dependencies": {
        "@balancer-labs/v2-interfaces": {
          "version": "0.2.0",
          "resolved": "https://registry.npmjs.org/@balancer-labs/v2-interfaces/-/v2-interfaces-0.2.0.tgz",
          "integrity": "sha512-p317Ojk3iZ6ja689u72HZvi03mG02LRkS+40J/EO2o1SDdOxbKThP7cWaZNbNJBC3IP8hzRcsZI+zmLqGa6Emw=="
        }
      }
    },
    "@balancer-labs/v2-vault": {
      "version": "3.0.1",
      "resolved": "https://registry.npmjs.org/@balancer-labs/v2-vault/-/v2-vault-3.0.1.tgz",
      "integrity": "sha512-uVvHWDR8sGUCxdMOluYPEjeqeNYHo9/47ALYnpv4NLdXwNH8nw7PWun+cExLLdTBJ3XEc/6IyuYUlfcoWWpfcw==",
      "requires": {
        "@balancer-labs/v2-interfaces": "0.2.1",
        "@balancer-labs/v2-solidity-utils": "3.0.1"
      }
    }
  }
}
